
Microsoft Visual Studio Solution File, Format Version 12.00
# Visual Studio 14
VisualStudioVersion = 14.0.25420.1
MinimumVisualStudioVersion = 10.0.40219.1
Project("{FAE04EC0-301F-11D3-BF4B-00C04F79EFBC}") = "RefactorMe.WebApi", "refactor-me\RefactorMe.WebApi.csproj", "{20AB69F9-F2D3-4A68-96C3-424EC8B9406E}"
EndProject
Project("{FAE04EC0-301F-11D3-BF4B-00C04F79EFBC}") = "RefactorMe.Application", "RefactorMe.Application\RefactorMe.Application.csproj", "{96899B04-0C14-49A9-B9E3-EA316BD94679}"
EndProject
Project("{FAE04EC0-301F-11D3-BF4B-00C04F79EFBC}") = "RefactorMe.Domain", "RefactorMe.Domain\RefactorMe.Domain.csproj", "{6E3CC2B6-CC07-4729-8E38-0F424B95F5EA}"
EndProject
Project("{FAE04EC0-301F-11D3-BF4B-00C04F79EFBC}") = "RefactorMe.Infrastructure", "RefactorMe.Infrastructure\RefactorMe.Infrastructure.csproj", "{612767CE-9202-4ACA-AA2C-C262D3102B20}"
EndProject
Project("{FAE04EC0-301F-11D3-BF4B-00C04F79EFBC}") = "RefactorMe.Tests", "RefactorMe.Tests\RefactorMe.Tests.csproj", "{D69AE8F1-2828-458A-8DFA-AFC839484393}"
EndProject
Global
	GlobalSection(SolutionConfigurationPlatforms) = preSolution
		Debug|Any CPU = Debug|Any CPU
		Release|Any CPU = Release|Any CPU
	EndGlobalSection
	GlobalSection(ProjectConfigurationPlatforms) = postSolution
		{20AB69F9-F2D3-4A68-96C3-424EC8B9406E}.Debug|Any CPU.ActiveCfg = Debug|Any CPU
		{20AB69F9-F2D3-4A68-96C3-424EC8B9406E}.Debug|Any CPU.Build.0 = Debug|Any CPU
		{20AB69F9-F2D3-4A68-96C3-424EC8B9406E}.Release|Any CPU.ActiveCfg = Release|Any CPU
		{20AB69F9-F2D3-4A68-96C3-424EC8B9406E}.Release|Any CPU.Build.0 = Release|Any CPU
		{96899B04-0C14-49A9-B9E3-EA316BD94679}.Debug|Any CPU.ActiveCfg = Debug|Any CPU
		{96899B04-0C14-49A9-B9E3-EA316BD94679}.Debug|Any CPU.Build.0 = Debug|Any CPU
		{96899B04-0C14-49A9-B9E3-EA316BD94679}.Release|Any CPU.ActiveCfg = Release|Any CPU
		{96899B04-0C14-49A9-B9E3-EA316BD94679}.Release|Any CPU.Build.0 = Release|Any CPU
		{6E3CC2B6-CC07-4729-8E38-0F424B95F5EA}.Debug|Any CPU.ActiveCfg = Debug|Any CPU
		{6E3CC2B6-CC07-4729-8E38-0F424B95F5EA}.Debug|Any CPU.Build.0 = Debug|Any CPU
		{6E3CC2B6-CC07-4729-8E38-0F424B95F5EA}.Release|Any CPU.ActiveCfg = Release|Any CPU
		{6E3CC2B6-CC07-4729-8E38-0F424B95F5EA}.Release|Any CPU.Build.0 = Release|Any CPU
		{612767CE-9202-4ACA-AA2C-C262D3102B20}.Debug|Any CPU.ActiveCfg = Debug|Any CPU
		{612767CE-9202-4ACA-AA2C-C262D3102B20}.Debug|Any CPU.Build.0 = Debug|Any CPU
		{612767CE-9202-4ACA-AA2C-C262D3102B20}.Release|Any CPU.ActiveCfg = Release|Any CPU
		{612767CE-9202-4ACA-AA2C-C262D3102B20}.Release|Any CPU.Build.0 = Release|Any CPU
		{D69AE8F1-2828-458A-8DFA-AFC839484393}.Debug|Any CPU.ActiveCfg = Debug|Any CPU
		{D69AE8F1-2828-458A-8DFA-AFC839484393}.Debug|Any CPU.Build.0 = Debug|Any CPU
		{D69AE8F1-2828-458A-8DFA-AFC839484393}.Release|Any CPU.ActiveCfg = Release|Any CPU
		{D69AE8F1-2828-458A-8DFA-AFC839484393}.Release|Any CPU.Build.0 = Release|Any CPU
	EndGlobalSection
	GlobalSection(SolutionProperties) = preSolution
		HideSolutionNode = FALSE
	EndGlobalSection
EndGlobal
